
Microsoft Visual Studio Solution File, Format Version 12.00
# Visual Studio Version 17
VisualStudioVersion = 17.5.33516.290
MinimumVisualStudioVersion = 10.0.40219.1
Project("{FAE04EC0-301F-11D3-BF4B-00C04F79EFBC}") = "Assignment3-Skeleton", "Assignment3-Skeleton\Assignment3-Skeleton.csproj", "{E0E20CF8-E095-4491-9641-B5FCB148FB49}"
EndProject
Project("{9A19103F-16F7-4668-BE54-9A1E7A4F7556}") = "Assignment3-Test", "Test_Assignment_3\Assignment3-Test.csproj", "{00C028A2-29FF-4975-90A8-F56AF378284E}"
EndProject
Global
	GlobalSection(SolutionConfigurationPlatforms) = preSolution
		Debug|Any CPU = Debug|Any CPU
		Release|Any CPU = Release|Any CPU
	EndGlobalSection
	GlobalSection(ProjectConfigurationPlatforms) = postSolution
		{E0E20CF8-E095-4491-9641-B5FCB148FB49}.Debug|Any CPU.ActiveCfg = Debug|Any CPU
		{E0E20CF8-E095-4491-9641-B5FCB148FB49}.Debug|Any CPU.Build.0 = Debug|Any CPU
		{E0E20CF8-E095-4491-9641-B5FCB148FB49}.Release|Any CPU.ActiveCfg = Release|Any CPU
		{E0E20CF8-E095-4491-9641-B5FCB148FB49}.Release|Any CPU.Build.0 = Release|Any CPU
		{00C028A2-29FF-4975-90A8-F56AF378284E}.Debug|Any CPU.ActiveCfg = Debug|Any CPU
		{00C028A2-29FF-4975-90A8-F56AF378284E}.Debug|Any CPU.Build.0 = Debug|Any CPU
		{00C028A2-29FF-4975-90A8-F56AF378284E}.Release|Any CPU.ActiveCfg = Release|Any CPU
		{00C028A2-29FF-4975-90A8-F56AF378284E}.Release|Any CPU.Build.0 = Release|Any CPU
	EndGlobalSection
	GlobalSection(SolutionProperties) = preSolution
		HideSolutionNode = FALSE
	EndGlobalSection
	GlobalSection(ExtensibilityGlobals) = postSolution
		SolutionGuid = {3466EB49-AADF-443C-8ACB-8056A2463F0C}
	EndGlobalSection
EndGlobal
